
Microsoft Visual Studio Solution File, Format Version 12.00
# Visual Studio Version 16
VisualStudioVersion = 16.0.31105.61
MinimumVisualStudioVersion = 10.0.40219.1
Project("{FAE04EC0-301F-11D3-BF4B-00C04F79EFBC}") = "MainApp.cs", "MainApp.cs\MainApp.cs.csproj", "{E7E31C12-9FDF-4F49-A501-9592B726DE8E}"
EndProject
Global
	GlobalSection(SolutionConfigurationPlatforms) = preSolution
		Debug|Any CPU = Debug|Any CPU
		Release|Any CPU = Release|Any CPU
	EndGlobalSection
	GlobalSection(ProjectConfigurationPlatforms) = postSolution
		{E7E31C12-9FDF-4F49-A501-9592B726DE8E}.Debug|Any CPU.ActiveCfg = Debug|Any CPU
		{E7E31C12-9FDF-4F49-A501-9592B726DE8E}.Debug|Any CPU.Build.0 = Debug|Any CPU
		{E7E31C12-9FDF-4F49-A501-9592B726DE8E}.Release|Any CPU.ActiveCfg = Release|Any CPU
		{E7E31C12-9FDF-4F49-A501-9592B726DE8E}.Release|Any CPU.Build.0 = Release|Any CPU
	EndGlobalSection
	GlobalSection(SolutionProperties) = preSolution
		HideSolutionNode = FALSE
	EndGlobalSection
	GlobalSection(ExtensibilityGlobals) = postSolution
		SolutionGuid = {C2F34EF9-DA1A-4ED3-B731-9B999632F5A3}
	EndGlobalSection
EndGlobal
