
Microsoft Visual Studio Solution File, Format Version 12.00
# Visual Studio Version 16
VisualStudioVersion = 16.0.31105.61
MinimumVisualStudioVersion = 10.0.40219.1
Project("{FAE04EC0-301F-11D3-BF4B-00C04F79EFBC}") = "Problem1", "Problem1\Problem1.csproj", "{DD8F4209-FDA1-43C6-A2BD-A99F3B7FFA24}"
EndProject
Global
	GlobalSection(SolutionConfigurationPlatforms) = preSolution
		Debug|Any CPU = Debug|Any CPU
		Release|Any CPU = Release|Any CPU
	EndGlobalSection
	GlobalSection(ProjectConfigurationPlatforms) = postSolution
		{DD8F4209-FDA1-43C6-A2BD-A99F3B7FFA24}.Debug|Any CPU.ActiveCfg = Debug|Any CPU
		{DD8F4209-FDA1-43C6-A2BD-A99F3B7FFA24}.Debug|Any CPU.Build.0 = Debug|Any CPU
		{DD8F4209-FDA1-43C6-A2BD-A99F3B7FFA24}.Release|Any CPU.ActiveCfg = Release|Any CPU
		{DD8F4209-FDA1-43C6-A2BD-A99F3B7FFA24}.Release|Any CPU.Build.0 = Release|Any CPU
	EndGlobalSection
	GlobalSection(SolutionProperties) = preSolution
		HideSolutionNode = FALSE
	EndGlobalSection
	GlobalSection(ExtensibilityGlobals) = postSolution
		SolutionGuid = {A39B5DC3-7D57-4DB6-A10A-113ECB5F6BA6}
	EndGlobalSection
EndGlobal
