
Microsoft Visual Studio Solution File, Format Version 12.00
# Visual Studio Version 16
VisualStudioVersion = 16.0.31105.61
MinimumVisualStudioVersion = 10.0.40219.1
Project("{FAE04EC0-301F-11D3-BF4B-00C04F79EFBC}") = "Problems", "Problems\Problems.csproj", "{C05048AA-3076-4A5A-9C68-AF85563A07B6}"
EndProject
Global
	GlobalSection(SolutionConfigurationPlatforms) = preSolution
		Debug|Any CPU = Debug|Any CPU
		Release|Any CPU = Release|Any CPU
	EndGlobalSection
	GlobalSection(ProjectConfigurationPlatforms) = postSolution
		{C05048AA-3076-4A5A-9C68-AF85563A07B6}.Debug|Any CPU.ActiveCfg = Debug|Any CPU
		{C05048AA-3076-4A5A-9C68-AF85563A07B6}.Debug|Any CPU.Build.0 = Debug|Any CPU
		{C05048AA-3076-4A5A-9C68-AF85563A07B6}.Release|Any CPU.ActiveCfg = Release|Any CPU
		{C05048AA-3076-4A5A-9C68-AF85563A07B6}.Release|Any CPU.Build.0 = Release|Any CPU
	EndGlobalSection
	GlobalSection(SolutionProperties) = preSolution
		HideSolutionNode = FALSE
	EndGlobalSection
	GlobalSection(ExtensibilityGlobals) = postSolution
		SolutionGuid = {AA7582E2-A0F4-47DC-A7E1-92195403B40F}
	EndGlobalSection
EndGlobal
